
Microsoft Visual Studio Solution File, Format Version 12.00
# Visual Studio Version 16
VisualStudioVersion = 16.0.31410.357
MinimumVisualStudioVersion = 10.0.40219.1
Project("{FAE04EC0-301F-11D3-BF4B-00C04F79EFBC}") = "Day20_MoodAnalyzer", "Day20_MoodAnalyzer\Day20_MoodAnalyzer.csproj", "{D7A660CB-F617-406D-B236-24231D9708CB}"
EndProject
Project("{FAE04EC0-301F-11D3-BF4B-00C04F79EFBC}") = "MoodAnalyserTest", "MoodAnalyserTest\MoodAnalyserTest.csproj", "{CCBB2E0E-7343-408F-9A41-C0B4E79886F6}"
EndProject
Global
	GlobalSection(SolutionConfigurationPlatforms) = preSolution
		Debug|Any CPU = Debug|Any CPU
		Release|Any CPU = Release|Any CPU
	EndGlobalSection
	GlobalSection(ProjectConfigurationPlatforms) = postSolution
		{D7A660CB-F617-406D-B236-24231D9708CB}.Debug|Any CPU.ActiveCfg = Debug|Any CPU
		{D7A660CB-F617-406D-B236-24231D9708CB}.Debug|Any CPU.Build.0 = Debug|Any CPU
		{D7A660CB-F617-406D-B236-24231D9708CB}.Release|Any CPU.ActiveCfg = Release|Any CPU
		{D7A660CB-F617-406D-B236-24231D9708CB}.Release|Any CPU.Build.0 = Release|Any CPU
		{CCBB2E0E-7343-408F-9A41-C0B4E79886F6}.Debug|Any CPU.ActiveCfg = Debug|Any CPU
		{CCBB2E0E-7343-408F-9A41-C0B4E79886F6}.Debug|Any CPU.Build.0 = Debug|Any CPU
		{CCBB2E0E-7343-408F-9A41-C0B4E79886F6}.Release|Any CPU.ActiveCfg = Release|Any CPU
		{CCBB2E0E-7343-408F-9A41-C0B4E79886F6}.Release|Any CPU.Build.0 = Release|Any CPU
	EndGlobalSection
	GlobalSection(SolutionProperties) = preSolution
		HideSolutionNode = FALSE
	EndGlobalSection
	GlobalSection(ExtensibilityGlobals) = postSolution
		SolutionGuid = {C635F56A-0318-44FC-A24E-5B76CC220574}
	EndGlobalSection
EndGlobal
